
Microsoft Visual Studio Solution File, Format Version 12.00
# Visual Studio Version 16
VisualStudioVersion = 25.0.1703.3
MinimumVisualStudioVersion = 10.0.40219.1
Project("{FAE04EC0-301F-11D3-BF4B-00C04F79EFBC}") = "Week2", "UserGenderValidation\Week2.csproj", "{BFA3CDD1-CD70-44CD-8A9A-3A8866772AEB}"
EndProject
Project("{FAE04EC0-301F-11D3-BF4B-00C04F79EFBC}") = "UserGenderValidation", "Week2\UserGenderValidation.csproj", "{2486A2C8-A0AD-4C21-B368-7E7398FD6D09}"
EndProject
Project("{FAE04EC0-301F-11D3-BF4B-00C04F79EFBC}") = "UserAgeValidation", "UserAgeValidation\UserAgeValidation.csproj", "{65939C97-57E1-423E-BA82-00A545539325}"
EndProject
Global
	GlobalSection(SolutionConfigurationPlatforms) = preSolution
		Debug|Any CPU = Debug|Any CPU
		Release|Any CPU = Release|Any CPU
	EndGlobalSection
	GlobalSection(ProjectConfigurationPlatforms) = postSolution
		{BFA3CDD1-CD70-44CD-8A9A-3A8866772AEB}.Debug|Any CPU.ActiveCfg = Debug|Any CPU
		{BFA3CDD1-CD70-44CD-8A9A-3A8866772AEB}.Debug|Any CPU.Build.0 = Debug|Any CPU
		{BFA3CDD1-CD70-44CD-8A9A-3A8866772AEB}.Release|Any CPU.ActiveCfg = Release|Any CPU
		{BFA3CDD1-CD70-44CD-8A9A-3A8866772AEB}.Release|Any CPU.Build.0 = Release|Any CPU
		{2486A2C8-A0AD-4C21-B368-7E7398FD6D09}.Debug|Any CPU.ActiveCfg = Debug|Any CPU
		{2486A2C8-A0AD-4C21-B368-7E7398FD6D09}.Debug|Any CPU.Build.0 = Debug|Any CPU
		{2486A2C8-A0AD-4C21-B368-7E7398FD6D09}.Release|Any CPU.ActiveCfg = Release|Any CPU
		{2486A2C8-A0AD-4C21-B368-7E7398FD6D09}.Release|Any CPU.Build.0 = Release|Any CPU
		{65939C97-57E1-423E-BA82-00A545539325}.Debug|Any CPU.ActiveCfg = Debug|Any CPU
		{65939C97-57E1-423E-BA82-00A545539325}.Debug|Any CPU.Build.0 = Debug|Any CPU
		{65939C97-57E1-423E-BA82-00A545539325}.Release|Any CPU.ActiveCfg = Release|Any CPU
		{65939C97-57E1-423E-BA82-00A545539325}.Release|Any CPU.Build.0 = Release|Any CPU
	EndGlobalSection
	GlobalSection(SolutionProperties) = preSolution
		HideSolutionNode = FALSE
	EndGlobalSection
	GlobalSection(ExtensibilityGlobals) = postSolution
		SolutionGuid = {AED36E89-8E49-4A69-ADA2-3C9A91CAD012}
	EndGlobalSection
EndGlobal
